
Microsoft Visual Studio Solution File, Format Version 12.00
# Visual Studio Version 16
VisualStudioVersion = 16.0.30717.126
MinimumVisualStudioVersion = 10.0.40219.1
Project("{FAE04EC0-301F-11D3-BF4B-00C04F79EFBC}") = "LoLApiExecutor.Code", "LoLApiExecutor.Code\LoLApiExecutor.Code.csproj", "{A05916E0-0547-421C-BB9F-B46368FEA9F6}"
EndProject
Project("{FAE04EC0-301F-11D3-BF4B-00C04F79EFBC}") = "LoLApiExecutor.UI", "LoLApiExecutor.UI\LoLApiExecutor.UI.csproj", "{2D1B1953-16A4-4241-95A5-31B0D8BF2F84}"
EndProject
Project("{9A19103F-16F7-4668-BE54-9A1E7A4F7556}") = "LCUSharp", "LCUSharp\LCUSharp.csproj", "{088823BD-EA42-4B55-A4A5-0F7A0C4A190D}"
EndProject
Global
	GlobalSection(SolutionConfigurationPlatforms) = preSolution
		Debug|Any CPU = Debug|Any CPU
		Release|Any CPU = Release|Any CPU
	EndGlobalSection
	GlobalSection(ProjectConfigurationPlatforms) = postSolution
		{A05916E0-0547-421C-BB9F-B46368FEA9F6}.Debug|Any CPU.ActiveCfg = Debug|Any CPU
		{A05916E0-0547-421C-BB9F-B46368FEA9F6}.Debug|Any CPU.Build.0 = Debug|Any CPU
		{A05916E0-0547-421C-BB9F-B46368FEA9F6}.Release|Any CPU.ActiveCfg = Release|Any CPU
		{A05916E0-0547-421C-BB9F-B46368FEA9F6}.Release|Any CPU.Build.0 = Release|Any CPU
		{2D1B1953-16A4-4241-95A5-31B0D8BF2F84}.Debug|Any CPU.ActiveCfg = Debug|Any CPU
		{2D1B1953-16A4-4241-95A5-31B0D8BF2F84}.Debug|Any CPU.Build.0 = Debug|Any CPU
		{2D1B1953-16A4-4241-95A5-31B0D8BF2F84}.Release|Any CPU.ActiveCfg = Release|Any CPU
		{2D1B1953-16A4-4241-95A5-31B0D8BF2F84}.Release|Any CPU.Build.0 = Release|Any CPU
		{088823BD-EA42-4B55-A4A5-0F7A0C4A190D}.Debug|Any CPU.ActiveCfg = Debug|Any CPU
		{088823BD-EA42-4B55-A4A5-0F7A0C4A190D}.Debug|Any CPU.Build.0 = Debug|Any CPU
		{088823BD-EA42-4B55-A4A5-0F7A0C4A190D}.Release|Any CPU.ActiveCfg = Release|Any CPU
		{088823BD-EA42-4B55-A4A5-0F7A0C4A190D}.Release|Any CPU.Build.0 = Release|Any CPU
	EndGlobalSection
	GlobalSection(SolutionProperties) = preSolution
		HideSolutionNode = FALSE
	EndGlobalSection
	GlobalSection(ExtensibilityGlobals) = postSolution
		SolutionGuid = {18E69268-495A-4DCE-B160-44E2137B8AAD}
	EndGlobalSection
EndGlobal
